
Microsoft Visual Studio Solution File, Format Version 12.00
# Visual Studio 15
VisualStudioVersion = 15.0.28010.2026
MinimumVisualStudioVersion = 10.0.40219.1
Project("{FAE04EC0-301F-11D3-BF4B-00C04F79EFBC}") = "smapleca2(part2)", "ConsoleApp3\smapleca2(part2).csproj", "{AF9E4836-1875-4316-BD37-872E103C8DD8}"
EndProject
Global
	GlobalSection(SolutionConfigurationPlatforms) = preSolution
		Debug|Any CPU = Debug|Any CPU
		Release|Any CPU = Release|Any CPU
	EndGlobalSection
	GlobalSection(ProjectConfigurationPlatforms) = postSolution
		{AF9E4836-1875-4316-BD37-872E103C8DD8}.Debug|Any CPU.ActiveCfg = Debug|Any CPU
		{AF9E4836-1875-4316-BD37-872E103C8DD8}.Debug|Any CPU.Build.0 = Debug|Any CPU
		{AF9E4836-1875-4316-BD37-872E103C8DD8}.Release|Any CPU.ActiveCfg = Release|Any CPU
		{AF9E4836-1875-4316-BD37-872E103C8DD8}.Release|Any CPU.Build.0 = Release|Any CPU
	EndGlobalSection
	GlobalSection(SolutionProperties) = preSolution
		HideSolutionNode = FALSE
	EndGlobalSection
	GlobalSection(ExtensibilityGlobals) = postSolution
		SolutionGuid = {33955AB2-371D-4A13-AA90-A9B7D8A63BDE}
	EndGlobalSection
EndGlobal
